// !$*UTF8*$!
{
	archiveVersion = 1;
	classes = {
	};
	objectVersion = 50;
	objects = {

/* Begin PBXBuildFile section */
		04D15207224CB09D0078D70E /* AppDelegate.swift in Sources */ = {isa = PBXBuildFile; fileRef = 04D15206224CB09D0078D70E /* AppDelegate.swift */; };
		04D15209224CB09D0078D70E /* HomeViewController.swift in Sources */ = {isa = PBXBuildFile; fileRef = 04D15208224CB09D0078D70E /* HomeViewController.swift */; };
		04D1520C224CB09D0078D70E /* Main.storyboard in Resources */ = {isa = PBXBuildFile; fileRef = 04D1520A224CB09D0078D70E /* Main.storyboard */; };
		04D1520E224CB09E0078D70E /* Assets.xcassets in Resources */ = {isa = PBXBuildFile; fileRef = 04D1520D224CB09E0078D70E /* Assets.xcassets */; };
		04D15211224CB09E0078D70E /* LaunchScreen.storyboard in Resources */ = {isa = PBXBuildFile; fileRef = 04D1520F224CB09E0078D70E /* LaunchScreen.storyboard */; };
		04D15219224CB0E70078D70E /* TableViewCell.swift in Sources */ = {isa = PBXBuildFile; fileRef = 04D15218224CB0E70078D70E /* TableViewCell.swift */; };
		04D1521B224CB2360078D70E /* DetailViewController.swift in Sources */ = {isa = PBXBuildFile; fileRef = 04D1521A224CB2360078D70E /* DetailViewController.swift */; };
		04D1521D224CB3350078D70E /* MacOS.swift in Sources */ = {isa = PBXBuildFile; fileRef = 04D1521C224CB3350078D70E /* MacOS.swift */; };
		04D1521F224CC0650078D70E /* ToolViewController.swift in Sources */ = {isa = PBXBuildFile; fileRef = 04D1521E224CC0650078D70E /* ToolViewController.swift */; };
/* End PBXBuildFile section */

/* Begin PBXFileReference section */
		04D15203224CB09D0078D70E /* TableviewDelegate.app */ = {isa = PBXFileReference; explicitFileType = wrapper.application; includeInIndex = 0; path = TableviewDelegate.app; sourceTree = BUILT_PRODUCTS_DIR; };
		04D15206224CB09D0078D70E /* AppDelegate.swift */ = {isa = PBXFileReference; lastKnownFileType = sourcecode.swift; path = AppDelegate.swift; sourceTree = "<group>"; };
		04D15208224CB09D0078D70E /* HomeViewController.swift */ = {isa = PBXFileReference; lastKnownFileType = sourcecode.swift; path = HomeViewController.swift; sourceTree = "<group>"; };
		04D1520B224CB09D0078D70E /* Base */ = {isa = PBXFileReference; lastKnownFileType = file.storyboard; name = Base; path = Base.lproj/Main.storyboard; sourceTree = "<group>"; };
		04D1520D224CB09E0078D70E /* Assets.xcassets */ = {isa = PBXFileReference; lastKnownFileType = folder.assetcatalog; path = Assets.xcassets; sourceTree = "<group>"; };
		04D15210224CB09E0078D70E /* Base */ = {isa = PBXFileReference; lastKnownFileType = file.storyboard; name = Base; path = Base.lproj/LaunchScreen.storyboard; sourceTree = "<group>"; };
		04D15212224CB09E0078D70E /* Info.plist */ = {isa = PBXFileReference; lastKnownFileType = text.plist.xml; path = Info.plist; sourceTree = "<group>"; };
		04D15218224CB0E70078D70E /* TableViewCell.swift */ = {isa = PBXFileReference; lastKnownFileType = sourcecode.swift; path = TableViewCell.swift; sourceTree = "<group>"; };
		04D1521A224CB2360078D70E /* DetailViewController.swift */ = {isa = PBXFileReference; lastKnownFileType = sourcecode.swift; path = DetailViewController.swift; sourceTree = "<group>"; };
		04D1521C224CB3350078D70E /* MacOS.swift */ = {isa = PBXFileReference; lastKnownFileType = sourcecode.swift; path = MacOS.swift; sourceTree = "<group>"; };
		04D1521E224CC0650078D70E /* ToolViewController.swift */ = {isa = PBXFileReference; lastKnownFileType = sourcecode.swift; path = ToolViewController.swift; sourceTree = "<group>"; };
/* End PBXFileReference section */

/* Begin PBXFrameworksBuildPhase section */
		04D15200224CB09D0078D70E /* Frameworks */ = {
			isa = PBXFrameworksBuildPhase;
			buildActionMask = 2147483647;
			files = (
			);
			runOnlyForDeploymentPostprocessing = 0;
		};
/* End PBXFrameworksBuildPhase section */

/* Begin PBXGroup section */
		04D151FA224CB09D0078D70E = {
			isa = PBXGroup;
			children = (
				04D15205224CB09D0078D70E /* TableviewDelegate */,
				04D15204224CB09D0078D70E /* Products */,
			);
			sourceTree = "<group>";
		};
		04D15204224CB09D0078D70E /* Products */ = {
			isa = PBXGroup;
			children = (
				04D15203224CB09D0078D70E /* TableviewDelegate.app */,
			);
			name = Products;
			sourceTree = "<group>";
		};
		04D15205224CB09D0078D70E /* TableviewDelegate */ = {
			isa = PBXGroup;
			children = (
				04D1521C224CB3350078D70E /* MacOS.swift */,
				04D15206224CB09D0078D70E /* AppDelegate.swift */,
				04D15208224CB09D0078D70E /* HomeViewController.swift */,
				04D1521A224CB2360078D70E /* DetailViewController.swift */,
				04D1521E224CC0650078D70E /* ToolViewController.swift */,
				04D15218224CB0E70078D70E /* TableViewCell.swift */,
				04D1520A224CB09D0078D70E /* Main.storyboard */,
				04D1520D224CB09E0078D70E /* Assets.xcassets */,
				04D1520F224CB09E0078D70E /* LaunchScreen.storyboard */,
				04D15212224CB09E0078D70E /* Info.plist */,
			);
			path = TableviewDelegate;
			sourceTree = "<group>";
		};
/* End PBXGroup section */

/* Begin PBXNativeTarget section */
		04D15202224CB09D0078D70E /* TableviewDelegate */ = {
			isa = PBXNativeTarget;
			buildConfigurationList = 04D15215224CB09E0078D70E /* Build configuration list for PBXNativeTarget "TableviewDelegate" */;
			buildPhases = (
				04D151FF224CB09D0078D70E /* Sources */,
				04D15200224CB09D0078D70E /* Frameworks */,
				04D15201224CB09D0078D70E /* Resources */,
			);
			buildRules = (
			);
			dependencies = (
			);
			name = TableviewDelegate;
			productName = TableviewDelegate;
			productReference = 04D15203224CB09D0078D70E /* TableviewDelegate.app */;
			productType = "com.apple.product-type.application";
		};
/* End PBXNativeTarget section */

/* Begin PBXProject section */
		04D151FB224CB09D0078D70E /* Project object */ = {
			isa = PBXProject;
			attributes = {
				LastSwiftUpdateCheck = 1010;
				LastUpgradeCheck = 1010;
				ORGANIZATIONNAME = "anh vu";
				TargetAttributes = {
					04D15202224CB09D0078D70E = {
						CreatedOnToolsVersion = 10.1;
					};
				};
			};
			buildConfigurationList = 04D151FE224CB09D0078D70E /* Build configuration list for PBXProject "TableviewDelegate" */;
			compatibilityVersion = "Xcode 9.3";
			developmentRegion = en;
			hasScannedForEncodings = 0;
			knownRegions = (
				en,
				Base,
			);
			mainGroup = 04D151FA224CB09D0078D70E;
			productRefGroup = 04D15204224CB09D0078D70E /* Products */;
			projectDirPath = "";
			projectRoot = "";
			targets = (
				04D15202224CB09D0078D70E /* TableviewDelegate */,
			);
		};
/* End PBXProject section */

/* Begin PBXResourcesBuildPhase section */
		04D15201224CB09D0078D70E /* Resources */ = {
			isa = PBXResourcesBuildPhase;
			buildActionMask = 2147483647;
			files = (
				04D15211224CB09E0078D70E /* LaunchScreen.storyboard in Resources */,
				04D1520E224CB09E0078D70E /* Assets.xcassets in Resources */,
				04D1520C224CB09D0078D70E /* Main.storyboard in Resources */,
			);
			runOnlyForDeploymentPostprocessing = 0;
		};
/* End PBXResourcesBuildPhase section */

/* Begin PBXSourcesBuildPhase section */
		04D151FF224CB09D0078D70E /* Sources */ = {
			isa = PBXSourcesBuildPhase;
			buildActionMask = 2147483647;
			files = (
				04D15219224CB0E70078D70E /* TableViewCell.swift in Sources */,
				04D15209224CB09D0078D70E /* HomeViewController.swift in Sources */,
				04D1521D224CB3350078D70E /* MacOS.swift in Sources */,
				04D15207224CB09D0078D70E /* AppDelegate.swift in Sources */,
				04D1521F224CC0650078D70E /* ToolViewController.swift in Sources */,
				04D1521B224CB2360078D70E /* DetailViewController.swift in Sources */,
			);
			runOnlyForDeploymentPostprocessing = 0;
		};
/* End PBXSourcesBuildPhase section */

/* Begin PBXVariantGroup section */
		04D1520A224CB09D0078D70E /* Main.storyboard */ = {
			isa = PBXVariantGroup;
			children = (
				04D1520B224CB09D0078D70E /* Base */,
			);
			name = Main.storyboard;
			sourceTree = "<group>";
		};
		04D1520F224CB09E0078D70E /* LaunchScreen.storyboard */ = {
			isa = PBXVariantGroup;
			children = (
				04D15210224CB09E0078D70E /* Base */,
			);
			name = LaunchScreen.storyboard;
			sourceTree = "<group>";
		};
/* End PBXVariantGroup section */

/* Begin XCBuildConfiguration section */
		04D15213224CB09E0078D70E /* Debug */ = {
			isa = XCBuildConfiguration;
			buildSettings = {
				ALWAYS_SEARCH_USER_PATHS = NO;
				CLANG_ANALYZER_NONNULL = YES;
				CLANG_ANALYZER_NUMBER_OBJECT_CONVERSION = YES_AGGRESSIVE;
				CLANG_CXX_LANGUAGE_STANDARD = "gnu++14";
				CLANG_CXX_LIBRARY = "libc++";
				CLANG_ENABLE_MODULES = YES;
				CLANG_ENABLE_OBJC_ARC = YES;
				CLANG_ENABLE_OBJC_WEAK = YES;
				CLANG_WARN_BLOCK_CAPTURE_AUTORELEASING = YES;
				CLANG_WARN_BOOL_CONVERSION = YES;
				CLANG_WARN_COMMA = YES;
				CLANG_WARN_CONSTANT_CONVERSION = YES;
				CLANG_WARN_DEPRECATED_OBJC_IMPLEMENTATIONS = YES;
				CLANG_WARN_DIRECT_OBJC_ISA_USAGE = YES_ERROR;
				CLANG_WARN_DOCUMENTATION_COMMENTS = YES;
				CLANG_WARN_EMPTY_BODY = YES;
				CLANG_WARN_ENUM_CONVERSION = YES;
				CLANG_WARN_INFINITE_RECURSION = YES;
				CLANG_WARN_INT_CONVERSION = YES;
				CLANG_WARN_NON_LITERAL_NULL_CONVERSION = YES;
				CLANG_WARN_OBJC_IMPLICIT_RETAIN_SELF = YES;
				CLANG_WARN_OBJC_LITERAL_CONVERSION = YES;
				CLANG_WARN_OBJC_ROOT_CLASS = YES_ERROR;
				CLANG_WARN_RANGE_LOOP_ANALYSIS = YES;
				CLANG_WARN_STRICT_PROTOTYPES = YES;
				CLANG_WARN_SUSPICIOUS_MOVE = YES;
				CLANG_WARN_UNGUARDED_AVAILABILITY = YES_AGGRESSIVE;
				CLANG_WARN_UNREACHABLE_CODE = YES;
				CLANG_WARN__DUPLICATE_METHOD_MATCH = YES;
				CODE_SIGN_IDENTITY = "iPhone Developer";
				COPY_PHASE_STRIP = NO;
				DEBUG_INFORMATION_FORMAT = dwarf;
				ENABLE_STRICT_OBJC_MSGSEND = YES;
				ENABLE_TESTABILITY = YES;
				GCC_C_LANGUAGE_STANDARD = gnu11;
				GCC_DYNAMIC_NO_PIC = NO;
				GCC_NO_COMMON_BLOCKS = YES;
				GCC_OPTIMIZATION_LEVEL = 0;
				GCC_PREPROCESSOR_DEFINITIONS = (
					"DEBUG=1",
					"$(inherited)",
				);
				GCC_WARN_64_TO_32_BIT_CONVERSION = YES;
				GCC_WARN_ABOUT_RETURN_TYPE = YES_ERROR;
				GCC_WARN_UNDECLARED_SELECTOR = YES;
				GCC_WARN_UNINITIALIZED_AUTOS = YES_AGGRESSIVE;
				GCC_WARN_UNUSED_FUNCTION = YES;
				GCC_WARN_UNUSED_VARIABLE = YES;
				IPHONEOS_DEPLOYMENT_TARGET = 12.1;
				MTL_ENABLE_DEBUG_INFO = INCLUDE_SOURCE;
				MTL_FAST_MATH = YES;
				ONLY_ACTIVE_ARCH = YES;
				SDKROOT = iphoneos;
				SWIFT_ACTIVE_COMPILATION_CONDITIONS = DEBUG;
				SWIFT_OPTIMIZATION_LEVEL = "-Onone";
			};
			name = Debug;
		};
		04D15214224CB09E0078D70E /* Release */ = {
			isa = XCBuildConfiguration;
			buildSettings = {
				ALWAYS_SEARCH_USER_PATHS = NO;
				CLANG_ANALYZER_NONNULL = YES;
				CLANG_ANALYZER_NUMBER_OBJECT_CONVERSION = YES_AGGRESSIVE;
				CLANG_CXX_LANGUAGE_STANDARD = "gnu++14";
				CLANG_CXX_LIBRARY = "libc++";
				CLANG_ENABLE_MODULES = YES;
				CLANG_ENABLE_OBJC_ARC = YES;
				CLANG_ENABLE_OBJC_WEAK = YES;
				CLANG_WARN_BLOCK_CAPTURE_AUTORELEASING = YES;
				CLANG_WARN_BOOL_CONVERSION = YES;
				CLANG_WARN_COMMA = YES;
				CLANG_WARN_CONSTANT_CONVERSION = YES;
				CLANG_WARN_DEPRECATED_OBJC_IMPLEMENTATIONS = YES;
				CLANG_WARN_DIRECT_OBJC_ISA_USAGE = YES_ERROR;
				CLANG_WARN_DOCUMENTATION_COMMENTS = YES;
				CLANG_WARN_EMPTY_BODY = YES;
				CLANG_WARN_ENUM_CONVERSION = YES;
				CLANG_WARN_INFINITE_RECURSION = YES;
				CLANG_WARN_INT_CONVERSION = YES;
				CLANG_WARN_NON_LITERAL_NULL_CONVERSION = YES;
				CLANG_WARN_OBJC_IMPLICIT_RETAIN_SELF = YES;
				CLANG_WARN_OBJC_LITERAL_CONVERSION = YES;
				CLANG_WARN_OBJC_ROOT_CLASS = YES_ERROR;
				CLANG_WARN_RANGE_LOOP_ANALYSIS = YES;
				CLANG_WARN_STRICT_PROTOTYPES = YES;
				CLANG_WARN_SUSPICIOUS_MOVE = YES;
				CLANG_WARN_UNGUARDED_AVAILABILITY = YES_AGGRESSIVE;
				CLANG_WARN_UNREACHABLE_CODE = YES;
				CLANG_WARN__DUPLICATE_METHOD_MATCH = YES;
				CODE_SIGN_IDENTITY = "iPhone Developer";
				COPY_PHASE_STRIP = NO;
				DEBUG_INFORMATION_FORMAT = "dwarf-with-dsym";
				ENABLE_NS_ASSERTIONS = NO;
				ENABLE_STRICT_OBJC_MSGSEND = YES;
				GCC_C_LANGUAGE_STANDARD = gnu11;
				GCC_NO_COMMON_BLOCKS = YES;
				GCC_WARN_64_TO_32_BIT_CONVERSION = YES;
				GCC_WARN_ABOUT_RETURN_TYPE = YES_ERROR;
				GCC_WARN_UNDECLARED_SELECTOR = YES;
				GCC_WARN_UNINITIALIZED_AUTOS = YES_AGGRESSIVE;
				GCC_WARN_UNUSED_FUNCTION = YES;
				GCC_WARN_UNUSED_VARIABLE = YES;
				IPHONEOS_DEPLOYMENT_TARGET = 12.1;
				MTL_ENABLE_DEBUG_INFO = NO;
				MTL_FAST_MATH = YES;
				SDKROOT = iphoneos;
				SWIFT_COMPILATION_MODE = wholemodule;
				SWIFT_OPTIMIZATION_LEVEL = "-O";
				VALIDATE_PRODUCT = YES;
			};
			name = Release;
		};
		04D15216224CB09E0078D70E /* Debug */ = {
			isa = XCBuildConfiguration;
			buildSettings = {
				ASSETCATALOG_COMPILER_APPICON_NAME = AppIcon;
				CODE_SIGN_STYLE = Automatic;
				INFOPLIST_FILE = TableviewDelegate/Info.plist;
				IPHONEOS_DEPLOYMENT_TARGET = 12.2;
				LD_RUNPATH_SEARCH_PATHS = (
					"$(inherited)",
					"@executable_path/Frameworks",
				);
				PRODUCT_BUNDLE_IDENTIFIER = Anhvu.TableviewDelegate;
				PRODUCT_NAME = "$(TARGET_NAME)";
				SWIFT_VERSION = 4.2;
				TARGETED_DEVICE_FAMILY = "1,2";
			};
			name = Debug;
		};
		04D15217224CB09E0078D70E /* Release */ = {
			isa = XCBuildConfiguration;
			buildSettings = {
				ASSETCATALOG_COMPILER_APPICON_NAME = AppIcon;
				CODE_SIGN_STYLE = Automatic;
				INFOPLIST_FILE = TableviewDelegate/Info.plist;
				IPHONEOS_DEPLOYMENT_TARGET = 12.2;
				LD_RUNPATH_SEARCH_PATHS = (
					"$(inherited)",
					"@executable_path/Frameworks",
				);
				PRODUCT_BUNDLE_IDENTIFIER = Anhvu.TableviewDelegate;
				PRODUCT_NAME = "$(TARGET_NAME)";
				SWIFT_VERSION = 4.2;
				TARGETED_DEVICE_FAMILY = "1,2";
			};
			name = Release;
		};
/* End XCBuildConfiguration section */

/* Begin XCConfigurationList section */
		04D151FE224CB09D0078D70E /* Build configuration list for PBXProject "TableviewDelegate" */ = {
			isa = XCConfigurationList;
			buildConfigurations = (
				04D15213224CB09E0078D70E /* Debug */,
				04D15214224CB09E0078D70E /* Release */,
			);
			defaultConfigurationIsVisible = 0;
			defaultConfigurationName = Release;
		};
		04D15215224CB09E0078D70E /* Build configuration list for PBXNativeTarget "TableviewDelegate" */ = {
			isa = XCConfigurationList;
			buildConfigurations = (
				04D15216224CB09E0078D70E /* Debug */,
				04D15217224CB09E0078D70E /* Release */,
			);
			defaultConfigurationIsVisible = 0;
			defaultConfigurationName = Release;
		};
/* End XCConfigurationList section */
	};
	rootObject = 04D151FB224CB09D0078D70E /* Project object */;
}
